
Microsoft Visual Studio Solution File, Format Version 12.00
# Visual Studio Version 17
VisualStudioVersion = 17.10.35122.118
MinimumVisualStudioVersion = 10.0.40219.1
Project("{9A19103F-16F7-4668-BE54-9A1E7A4F7556}") = "TrimesterPlaner", "TrimesterPlaner\TrimesterPlaner.csproj", "{F8C0FC00-86DC-4F7C-98F5-8C844633DEF7}"
EndProject
Project("{FAE04EC0-301F-11D3-BF4B-00C04F79EFBC}") = "TrimesterPlaner.Test", "TrimesterPlaner.Test\TrimesterPlaner.Test.csproj", "{D78537E0-A63F-4A42-9B6F-248946A89DFB}"
EndProject
Project("{FAE04EC0-301F-11D3-BF4B-00C04F79EFBC}") = "Statistics", "Statistics\Statistics.csproj", "{352A0D04-8407-4EEF-ADF6-2E71CD83E1A1}"
EndProject
Project("{FAE04EC0-301F-11D3-BF4B-00C04F79EFBC}") = "Utilities", "Utilities\Utilities.csproj", "{F10C3F37-B8FD-49F0-949B-5928CA25F2DA}"
EndProject
Global
	GlobalSection(SolutionConfigurationPlatforms) = preSolution
		Debug|Any CPU = Debug|Any CPU
		Release|Any CPU = Release|Any CPU
	EndGlobalSection
	GlobalSection(ProjectConfigurationPlatforms) = postSolution
		{F8C0FC00-86DC-4F7C-98F5-8C844633DEF7}.Debug|Any CPU.ActiveCfg = Debug|Any CPU
		{F8C0FC00-86DC-4F7C-98F5-8C844633DEF7}.Debug|Any CPU.Build.0 = Debug|Any CPU
		{F8C0FC00-86DC-4F7C-98F5-8C844633DEF7}.Release|Any CPU.ActiveCfg = Release|Any CPU
		{F8C0FC00-86DC-4F7C-98F5-8C844633DEF7}.Release|Any CPU.Build.0 = Release|Any CPU
		{D78537E0-A63F-4A42-9B6F-248946A89DFB}.Debug|Any CPU.ActiveCfg = Debug|Any CPU
		{D78537E0-A63F-4A42-9B6F-248946A89DFB}.Debug|Any CPU.Build.0 = Debug|Any CPU
		{D78537E0-A63F-4A42-9B6F-248946A89DFB}.Release|Any CPU.ActiveCfg = Release|Any CPU
		{D78537E0-A63F-4A42-9B6F-248946A89DFB}.Release|Any CPU.Build.0 = Release|Any CPU
		{352A0D04-8407-4EEF-ADF6-2E71CD83E1A1}.Debug|Any CPU.ActiveCfg = Debug|Any CPU
		{352A0D04-8407-4EEF-ADF6-2E71CD83E1A1}.Debug|Any CPU.Build.0 = Debug|Any CPU
		{352A0D04-8407-4EEF-ADF6-2E71CD83E1A1}.Release|Any CPU.ActiveCfg = Release|Any CPU
		{352A0D04-8407-4EEF-ADF6-2E71CD83E1A1}.Release|Any CPU.Build.0 = Release|Any CPU
		{F10C3F37-B8FD-49F0-949B-5928CA25F2DA}.Debug|Any CPU.ActiveCfg = Debug|Any CPU
		{F10C3F37-B8FD-49F0-949B-5928CA25F2DA}.Debug|Any CPU.Build.0 = Debug|Any CPU
		{F10C3F37-B8FD-49F0-949B-5928CA25F2DA}.Release|Any CPU.ActiveCfg = Release|Any CPU
		{F10C3F37-B8FD-49F0-949B-5928CA25F2DA}.Release|Any CPU.Build.0 = Release|Any CPU
	EndGlobalSection
	GlobalSection(SolutionProperties) = preSolution
		HideSolutionNode = FALSE
	EndGlobalSection
	GlobalSection(ExtensibilityGlobals) = postSolution
		SolutionGuid = {5718FDC7-BD83-4E09-BB92-26BFF9F7C486}
	EndGlobalSection
EndGlobal
